{
  "name": "vortez",
  "version": "6.0.0-dev.2",
  "lockfileVersion": 3,
  "requires": true,
  "packages": {
    "": {
      "name": "vortez",
      "version": "6.0.0-dev.2",
      "license": "Apache-2.0",
      "dependencies": {
        "@netfeez/common": "^3.3.0",
        "@netfeez/common-node": "^1.0.1",
        "@netfeez/vterm": "^1.0.0"
      },
      "devDependencies": {
        "@types/node": "^25.5.0",
        "typescript": "^6.0.2"
      }
    },
    "node_modules/@netfeez/common": {
      "version": "3.3.0",
      "resolved": "https://registry.npmjs.org/@netfeez/common/-/common-3.3.0.tgz",
      "integrity": "sha512-0CIegisr1sSlG/jhvSooXgVxj2bBwNQtYz/dBaHFKnYN/XF6jDKaD3VlAJ0gWVEedgPuWa2U6AJTNpsGAJb7tg==",
      "license": "Apache-2.0"
    },
    "node_modules/@netfeez/common-node": {
      "version": "1.0.1",
      "resolved": "https://registry.npmjs.org/@netfeez/common-node/-/common-node-1.0.1.tgz",
      "integrity": "sha512-5AA31tp/2WklYaW0krIB5GwQIFzQ/xHXAvZyo/OH/M9PXvzVXLS64Gb22geMqKDR/JpgbKUlwkJvd5w6bIq4BQ==",
      "license": "Apache-2.0"
    },
    "node_modules/@netfeez/vterm": {
      "version": "1.0.0",
      "resolved": "https://registry.npmjs.org/@netfeez/vterm/-/vterm-1.0.0.tgz",
      "integrity": "sha512-10GT58RjMJgOcWcTxQiZMo4nb2M82rD2/qCyZ1+rIUNPp3ujmpSWLYebtkeQNEl1ZTHTPnLMLzMoueX7r5ZLnw==",
      "license": "Apache-2.0",
      "dependencies": {
        "@netfeez/common": "^2.1.0",
        "@netfeez/common-node": "^1.0.1"
      }
    },
    "node_modules/@netfeez/vterm/node_modules/@netfeez/common": {
      "version": "2.1.0",
      "resolved": "https://registry.npmjs.org/@netfeez/common/-/common-2.1.0.tgz",
      "integrity": "sha512-3QeeQ0kOgfWk7hcHoFzfMFuy1V3pOq+dfXiXR3eZVAn/6Jy9pNKGx28N/eMhnV1heykjC5tOOYWa0Js567P4Lg==",
      "license": "Apache-2.0"
    },
    "node_modules/@types/node": {
      "version": "25.5.0",
      "resolved": "https://registry.npmjs.org/@types/node/-/node-25.5.0.tgz",
      "integrity": "sha512-jp2P3tQMSxWugkCUKLRPVUpGaL5MVFwF8RDuSRztfwgN1wmqJeMSbKlnEtQqU8UrhTmzEmZdu2I6v2dpp7XIxw==",
      "dev": true,
      "license": "MIT",
      "dependencies": {
        "undici-types": "~7.18.0"
      }
    },
    "node_modules/typescript": {
      "version": "6.0.2",
      "resolved": "https://registry.npmjs.org/typescript/-/typescript-6.0.2.tgz",
      "integrity": "sha512-bGdAIrZ0wiGDo5l8c++HWtbaNCWTS4UTv7RaTH/ThVIgjkveJt83m74bBHMJkuCbslY8ixgLBVZJIOiQlQTjfQ==",
      "dev": true,
      "license": "Apache-2.0",
      "bin": {
        "tsc": "bin/tsc",
        "tsserver": "bin/tsserver"
      },
      "engines": {
        "node": ">=14.17"
      }
    },
    "node_modules/undici-types": {
      "version": "7.18.2",
      "resolved": "https://registry.npmjs.org/undici-types/-/undici-types-7.18.2.tgz",
      "integrity": "sha512-AsuCzffGHJybSaRrmr5eHr81mwJU3kjw6M+uprWvCXiNeN9SOGwQ3Jn8jb8m3Z6izVgknn1R0FTCEAP2QrLY/w==",
      "dev": true,
      "license": "MIT"
    }
  }
}
